<?xml version="1.0" encoding="utf-8"?>
<Project ToolsVersion="4.0" xmlns="http://schemas.microsoft.com/developer/msbuild/2003">
  <ItemGroup>
    <Filter Include="Source Files">
      <UniqueIdentifier>{9901e737-ef3c-4c35-9319-9d9bd1288754}</UniqueIdentifier>
      <Extensions>cpp;c;cxx;rc;def;r;odl;idl;hpj;bat</Extensions>
    </Filter>
    <Filter Include="Resource Files">
      <UniqueIdentifier>{6b69120a-1645-4ce2-ac8b-3130f9118ec4}</UniqueIdentifier>
      <Extensions>ico;cur;bmp;dlg;rc2;rct;bin;rgs;gif;jpg;jpeg;jpe</Extensions>
    </Filter>
    <Filter Include="Header Files">
      <UniqueIdentifier>{78e3f9ab-ec0c-4e9d-8817-83217ad1dc0a}</UniqueIdentifier>
      <Extensions>h;hpp;hxx;hm;inl</Extensions>
    </Filter>
  </ItemGroup>
  <ItemGroup>
    <ClCompile Include="smartgrep.cpp">
      <Filter>Source Files</Filter>
    </ClCompile>
    <ClCompile Include="foldernamelist.cpp">
      <Filter>Source Files</Filter>
    </ClCompile>
  </ItemGroup>
  <ItemGroup>
    <ClInclude Include="resource.h">
      <Filter>Resource Files</Filter>
    </ClInclude>
    <ClInclude Include="smartgrep.h">
      <Filter>Header Files</Filter>
    </ClInclude>
    <ClInclude Include="foldernamelist.h">
      <Filter>Header Files</Filter>
    </ClInclude>
  </ItemGroup>
</Project>